
Microsoft Visual Studio Solution File, Format Version 12.00
# Visual Studio Version 17
VisualStudioVersion = 17.13.35919.96 d17.13
MinimumVisualStudioVersion = 10.0.40219.1
Project("{FAE04EC0-301F-11D3-BF4B-00C04F79EFBC}") = "ybrahim", "ybrahim\ybrahim.csproj", "{34BD4F85-B4ED-4729-BAC4-70757CD4BF29}"
EndProject
Global
	GlobalSection(SolutionConfigurationPlatforms) = preSolution
		Debug|Any CPU = Debug|Any CPU
		Release|Any CPU = Release|Any CPU
	EndGlobalSection
	GlobalSection(ProjectConfigurationPlatforms) = postSolution
		{34BD4F85-B4ED-4729-BAC4-70757CD4BF29}.Debug|Any CPU.ActiveCfg = Debug|Any CPU
		{34BD4F85-B4ED-4729-BAC4-70757CD4BF29}.Debug|Any CPU.Build.0 = Debug|Any CPU
		{34BD4F85-B4ED-4729-BAC4-70757CD4BF29}.Release|Any CPU.ActiveCfg = Release|Any CPU
		{34BD4F85-B4ED-4729-BAC4-70757CD4BF29}.Release|Any CPU.Build.0 = Release|Any CPU
	EndGlobalSection
	GlobalSection(SolutionProperties) = preSolution
		HideSolutionNode = FALSE
	EndGlobalSection
	GlobalSection(ExtensibilityGlobals) = postSolution
		SolutionGuid = {75A0C73F-2AFD-43EE-958C-7DF7E3FBF1C4}
	EndGlobalSection
EndGlobal
